
Microsoft Visual Studio Solution File, Format Version 12.00
# Visual Studio Version 16
VisualStudioVersion = 16.0.31205.134
MinimumVisualStudioVersion = 10.0.40219.1
Project("{9A19103F-16F7-4668-BE54-9A1E7A4F7556}") = "API TOME Y LLEVE", "API TOME Y LLEVE.csproj", "{E779939F-EB5A-4D9B-A313-B3D28E5C9D8C}"
EndProject
Global
	GlobalSection(SolutionConfigurationPlatforms) = preSolution
		Debug|Any CPU = Debug|Any CPU
		Release|Any CPU = Release|Any CPU
	EndGlobalSection
	GlobalSection(ProjectConfigurationPlatforms) = postSolution
		{E779939F-EB5A-4D9B-A313-B3D28E5C9D8C}.Debug|Any CPU.ActiveCfg = Debug|Any CPU
		{E779939F-EB5A-4D9B-A313-B3D28E5C9D8C}.Debug|Any CPU.Build.0 = Debug|Any CPU
		{E779939F-EB5A-4D9B-A313-B3D28E5C9D8C}.Release|Any CPU.ActiveCfg = Release|Any CPU
		{E779939F-EB5A-4D9B-A313-B3D28E5C9D8C}.Release|Any CPU.Build.0 = Release|Any CPU
	EndGlobalSection
	GlobalSection(SolutionProperties) = preSolution
		HideSolutionNode = FALSE
	EndGlobalSection
	GlobalSection(ExtensibilityGlobals) = postSolution
		SolutionGuid = {46D43AF6-8E8C-467F-B676-A5D256956EF8}
	EndGlobalSection
EndGlobal
